{
    "version": 3,
    "terraform_version": "0.11.13",
    "serial": 12,
    "lineage": "5d018b49-d9a4-182f-3e1f-0330c0d7ddaf",
    "modules": [
        {
            "path": [
                "root"
            ],
            "outputs": {
                "public_ip": {
                    "sensitive": false,
                    "type": "string",
                    "value": "3.122.54.63"
                }
            },
            "resources": {
                "aws_instance.example": {
                    "type": "aws_instance",
                    "depends_on": [
                        "aws_security_group.instance"
                    ],
                    "primary": {
                        "id": "i-0251464585afb9845",
                        "attributes": {
                            "ami": "ami-0405a63f383fddd6b",
                            "arn": "arn:aws:ec2:eu-central-1:869780600261:instance/i-0251464585afb9845",
                            "associate_public_ip_address": "true",
                            "availability_zone": "eu-central-1b",
                            "cpu_core_count": "1",
                            "cpu_threads_per_core": "1",
                            "credit_specification.#": "1",
                            "credit_specification.0.cpu_credits": "standard",
                            "disable_api_termination": "false",
                            "ebs_block_device.#": "0",
                            "ebs_optimized": "false",
                            "ephemeral_block_device.#": "0",
                            "get_password_data": "false",
                            "iam_instance_profile": "",
                            "id": "i-0251464585afb9845",
                            "instance_state": "running",
                            "instance_type": "t2.micro",
                            "ipv6_addresses.#": "0",
                            "key_name": "deployer-key",
                            "monitoring": "false",
                            "network_interface.#": "0",
                            "password_data": "",
                            "placement_group": "",
                            "primary_network_interface_id": "eni-0d9789b5685204170",
                            "private_dns": "ip-172-31-33-180.eu-central-1.compute.internal",
                            "private_ip": "172.31.33.180",
                            "public_dns": "ec2-3-122-54-63.eu-central-1.compute.amazonaws.com",
                            "public_ip": "3.122.54.63",
                            "root_block_device.#": "1",
                            "root_block_device.0.delete_on_termination": "true",
                            "root_block_device.0.iops": "100",
                            "root_block_device.0.volume_id": "vol-073b812482d674423",
                            "root_block_device.0.volume_size": "8",
                            "root_block_device.0.volume_type": "gp2",
                            "security_groups.#": "1",
                            "security_groups.3705046556": "terraform-example-instance",
                            "source_dest_check": "true",
                            "subnet_id": "subnet-08537075",
                            "tags.%": "1",
                            "tags.Name": "terraform-example",
                            "tenancy": "default",
                            "user_data": "4430fd6498339061effa6d27ccf341a1e94569d7",
                            "volume_tags.%": "0",
                            "vpc_security_group_ids.#": "1",
                            "vpc_security_group_ids.852238563": "sg-07b42cb268def9fc5"
                        },
                        "meta": {
                            "e2bfb730-ecaa-11e6-8f88-34363bc7c4c0": {
                                "create": 600000000000,
                                "delete": 1200000000000,
                                "update": 600000000000
                            },
                            "schema_version": "1"
                        },
                        "tainted": false
                    },
                    "deposed": [],
                    "provider": "provider.aws"
                },
                "aws_key_pair.deployer": {
                    "type": "aws_key_pair",
                    "depends_on": [],
                    "primary": {
                        "id": "deployer-key",
                        "attributes": {
                            "fingerprint": "6d:ba:37:24:fc:8b:5a:e5:84:12:45:47:ce:6b:66:b1",
                            "id": "deployer-key",
                            "key_name": "deployer-key",
                            "public_key": "ssh-rsa AAAAB3NzaC1yc2EAAAADAQABAAACAQCeiaZRNZiwD3cn3toDfAYUgI5qeIhRQUsQEjevprgAsCicEsGKY0npSJKyZibiy83bQulb7IAUxzPZJp9HSYAcZqLc9l2Q9ylHJHfrgcYt4rXiOqqfCN8L33GIvanCQDXzWXl5gSf4lGxOqGgJQoscSWw3knpXpelxyRUALtooHmBBAH6ZH8UG/iQke68VTQ8CtzMNH9xlqn8a+jiGmf2iIHsHXy6M51zWRwPtKBFvSe5NwWTILoupDEji36RNdBnY8zTB/XL2TxatFd9s5xSDjIFdI56atrrR6yoid3PVfXUMmX+XNn5aC4614DHx1qMvwXHXxhgvIYpWlBLLQatsYs2W4slAeNU4c/YFyIhSC4mgcJvAG6o23h0ZVx2OZU9cs48MmXQrGmbWQ1l0BcflEYoc8/ttoJ422atOvvtftXKDARX+j/qk/O1MkLD6pg8Iv6Rbmtu6xHku0fy7Mf5XYh+k7OetqdFmytTsaC60OKYHub5CylZOvQQrcI97XMHmDhtoX4FNL0KjO2PTp/TH35IumfqHrrVvleQEuHRPosLBuKKWWMpCF4bPOrqzUW01IlQ5xeBIvWPWAUNbveZ4i9OhCyBTlvTGVJ0kCHI4f+J1EUPx1MBP6TZqzJR53TdsXGQ2oTQ8ckbsy0s4sfyAsIBPg0RhDaGWtm5ghxr4kw== andre.karstensen@dkbcodefactory.com"
                        },
                        "meta": {
                            "schema_version": "1"
                        },
                        "tainted": false
                    },
                    "deposed": [],
                    "provider": "provider.aws"
                },
                "aws_security_group.instance": {
                    "type": "aws_security_group",
                    "depends_on": [],
                    "primary": {
                        "id": "sg-07b42cb268def9fc5",
                        "attributes": {
                            "arn": "arn:aws:ec2:eu-central-1:869780600261:security-group/sg-07b42cb268def9fc5",
                            "description": "Managed by Terraform",
                            "egress.#": "0",
                            "id": "sg-07b42cb268def9fc5",
                            "ingress.#": "2",
                            "ingress.2541437006.cidr_blocks.#": "1",
                            "ingress.2541437006.cidr_blocks.0": "0.0.0.0/0",
                            "ingress.2541437006.description": "",
                            "ingress.2541437006.from_port": "22",
                            "ingress.2541437006.ipv6_cidr_blocks.#": "0",
                            "ingress.2541437006.prefix_list_ids.#": "0",
                            "ingress.2541437006.protocol": "tcp",
                            "ingress.2541437006.security_groups.#": "0",
                            "ingress.2541437006.self": "false",
                            "ingress.2541437006.to_port": "22",
                            "ingress.516175195.cidr_blocks.#": "1",
                            "ingress.516175195.cidr_blocks.0": "0.0.0.0/0",
                            "ingress.516175195.description": "",
                            "ingress.516175195.from_port": "8080",
                            "ingress.516175195.ipv6_cidr_blocks.#": "0",
                            "ingress.516175195.prefix_list_ids.#": "0",
                            "ingress.516175195.protocol": "tcp",
                            "ingress.516175195.security_groups.#": "0",
                            "ingress.516175195.self": "false",
                            "ingress.516175195.to_port": "8080",
                            "name": "terraform-example-instance",
                            "owner_id": "869780600261",
                            "revoke_rules_on_delete": "false",
                            "tags.%": "0",
                            "vpc_id": "vpc-eb3f3280"
                        },
                        "meta": {
                            "e2bfb730-ecaa-11e6-8f88-34363bc7c4c0": {
                                "create": 600000000000,
                                "delete": 600000000000
                            },
                            "schema_version": "1"
                        },
                        "tainted": false
                    },
                    "deposed": [],
                    "provider": "provider.aws"
                }
            },
            "depends_on": []
        }
    ]
}
